
Microsoft Visual Studio Solution File, Format Version 12.00
# Visual Studio Version 16
VisualStudioVersion = 16.0.30114.105
MinimumVisualStudioVersion = 10.0.40219.1
Project("{FAE04EC0-301F-11D3-BF4B-00C04F79EFBC}") = "treasureIsland", "treasureIsland\treasureIsland.csproj", "{3C30F2E9-F706-4682-937E-CC9DF47B8E88}"
EndProject
Global
	GlobalSection(SolutionConfigurationPlatforms) = preSolution
		Debug|Any CPU = Debug|Any CPU
		Release|Any CPU = Release|Any CPU
		Description = Treasure Island is a text-based exploration game
	EndGlobalSection
	GlobalSection(ProjectConfigurationPlatforms) = postSolution
		{3C30F2E9-F706-4682-937E-CC9DF47B8E88}.Debug|Any CPU.ActiveCfg = Debug|Any CPU
		{3C30F2E9-F706-4682-937E-CC9DF47B8E88}.Debug|Any CPU.Build.0 = Debug|Any CPU
		{3C30F2E9-F706-4682-937E-CC9DF47B8E88}.Release|Any CPU.ActiveCfg = Release|Any CPU
		{3C30F2E9-F706-4682-937E-CC9DF47B8E88}.Release|Any CPU.Build.0 = Release|Any CPU
	EndGlobalSection
	GlobalSection(SolutionProperties) = preSolution
		HideSolutionNode = FALSE
	EndGlobalSection
	GlobalSection(ExtensibilityGlobals) = postSolution
		SolutionGuid = {F21A4C4E-4C66-4069-96E5-79F82586A611}
	EndGlobalSection
EndGlobal
